
Microsoft Visual Studio Solution File, Format Version 12.00
# Visual Studio Version 16
VisualStudioVersion = 16.0.30611.23
MinimumVisualStudioVersion = 10.0.40219.1
Project("{FAE04EC0-301F-11D3-BF4B-00C04F79EFBC}") = "EmployeeApi", "EmployeeApi\EmployeeApi.csproj", "{4FC940B3-6D7B-427F-8D29-3CCC7588116F}"
EndProject
Global
	GlobalSection(SolutionConfigurationPlatforms) = preSolution
		Debug|Any CPU = Debug|Any CPU
		Release|Any CPU = Release|Any CPU
	EndGlobalSection
	GlobalSection(ProjectConfigurationPlatforms) = postSolution
		{4FC940B3-6D7B-427F-8D29-3CCC7588116F}.Debug|Any CPU.ActiveCfg = Debug|Any CPU
		{4FC940B3-6D7B-427F-8D29-3CCC7588116F}.Debug|Any CPU.Build.0 = Debug|Any CPU
		{4FC940B3-6D7B-427F-8D29-3CCC7588116F}.Release|Any CPU.ActiveCfg = Release|Any CPU
		{4FC940B3-6D7B-427F-8D29-3CCC7588116F}.Release|Any CPU.Build.0 = Release|Any CPU
	EndGlobalSection
	GlobalSection(SolutionProperties) = preSolution
		HideSolutionNode = FALSE
	EndGlobalSection
	GlobalSection(ExtensibilityGlobals) = postSolution
		SolutionGuid = {CE773DD5-1E79-44AC-93A4-CB7B3CEE1E51}
	EndGlobalSection
EndGlobal
