
Microsoft Visual Studio Solution File, Format Version 12.00
# Visual Studio Version 16
VisualStudioVersion = 16.0.30611.23
MinimumVisualStudioVersion = 10.0.40219.1
Project("{FAE04EC0-301F-11D3-BF4B-00C04F79EFBC}") = "EmployeeWevService", "EmployeeWevService\EmployeeWevService.csproj", "{93176A81-3057-42B5-8135-0713A6566ACD}"
EndProject
Global
	GlobalSection(SolutionConfigurationPlatforms) = preSolution
		Debug|Any CPU = Debug|Any CPU
		Release|Any CPU = Release|Any CPU
	EndGlobalSection
	GlobalSection(ProjectConfigurationPlatforms) = postSolution
		{93176A81-3057-42B5-8135-0713A6566ACD}.Debug|Any CPU.ActiveCfg = Debug|Any CPU
		{93176A81-3057-42B5-8135-0713A6566ACD}.Debug|Any CPU.Build.0 = Debug|Any CPU
		{93176A81-3057-42B5-8135-0713A6566ACD}.Release|Any CPU.ActiveCfg = Release|Any CPU
		{93176A81-3057-42B5-8135-0713A6566ACD}.Release|Any CPU.Build.0 = Release|Any CPU
	EndGlobalSection
	GlobalSection(SolutionProperties) = preSolution
		HideSolutionNode = FALSE
	EndGlobalSection
	GlobalSection(ExtensibilityGlobals) = postSolution
		SolutionGuid = {3CDADB57-6A75-4ED5-B468-46BE1B110833}
	EndGlobalSection
EndGlobal
